
Microsoft Visual Studio Solution File, Format Version 12.00
# Visual Studio Version 16
VisualStudioVersion = 25.0.1706.6
MinimumVisualStudioVersion = 10.0.40219.1
Project("{FAE04EC0-301F-11D3-BF4B-00C04F79EFBC}") = "examMVC", "examMVC\examMVC.csproj", "{56061F14-A58A-423E-A70B-F5DE26E4B094}"
EndProject
Global
	GlobalSection(SolutionConfigurationPlatforms) = preSolution
		Debug|Any CPU = Debug|Any CPU
		Release|Any CPU = Release|Any CPU
	EndGlobalSection
	GlobalSection(ProjectConfigurationPlatforms) = postSolution
		{56061F14-A58A-423E-A70B-F5DE26E4B094}.Debug|Any CPU.ActiveCfg = Debug|Any CPU
		{56061F14-A58A-423E-A70B-F5DE26E4B094}.Debug|Any CPU.Build.0 = Debug|Any CPU
		{56061F14-A58A-423E-A70B-F5DE26E4B094}.Release|Any CPU.ActiveCfg = Release|Any CPU
		{56061F14-A58A-423E-A70B-F5DE26E4B094}.Release|Any CPU.Build.0 = Release|Any CPU
	EndGlobalSection
	GlobalSection(SolutionProperties) = preSolution
		HideSolutionNode = FALSE
	EndGlobalSection
	GlobalSection(ExtensibilityGlobals) = postSolution
		SolutionGuid = {DCBCA9A3-8486-4409-BF66-CD4EA6EEF81A}
	EndGlobalSection
EndGlobal
